{
  "name": "ecommerce",
  "lockfileVersion": 3,
  "requires": true,
  "packages": {
    "": {
      "dependencies": {
        "bulma-toast": "^2.4.3"
      }
    },
    "node_modules/bulma-toast": {
      "version": "2.4.3",
      "resolved": "https://registry.npmjs.org/bulma-toast/-/bulma-toast-2.4.3.tgz",
      "integrity": "sha512-OpNn3MUD27ne8RkQns3yS7HaltU5/s67ivbdxAb/gXjxmfZhIdoeUFPYkopEXwCpzc+VasYy1OAglGIFvjEvUQ=="
    }
  }
}
